
Microsoft Visual Studio Solution File, Format Version 12.00
# Visual Studio Version 16
VisualStudioVersion = 16.0.31729.503
MinimumVisualStudioVersion = 10.0.40219.1
Project("{FAE04EC0-301F-11D3-BF4B-00C04F79EFBC}") = "004_HomeWork", "HomeWork\004_HomeWork.csproj", "{DC87DD28-58C2-4BD0-8CEF-4BBAA37D9AD1}"
EndProject
Project("{FAE04EC0-301F-11D3-BF4B-00C04F79EFBC}") = "001_HomeWork", "001_HomeWork\001_HomeWork.csproj", "{44A43229-678C-4E3D-884A-A5C43D5BEC53}"
EndProject
Project("{FAE04EC0-301F-11D3-BF4B-00C04F79EFBC}") = "002_HomeWork", "002_HomeWork\002_HomeWork.csproj", "{6968E9FA-9982-40FE-AB7E-C8BD5D0883D8}"
EndProject
Project("{FAE04EC0-301F-11D3-BF4B-00C04F79EFBC}") = "003_HomeWork", "003_HomeWork\003_HomeWork.csproj", "{44E2C186-527C-427B-9603-F5D235EBAD95}"
EndProject
Project("{FAE04EC0-301F-11D3-BF4B-00C04F79EFBC}") = "005_HomeWork", "005_HomeWork\005_HomeWork.csproj", "{ABAAE2FD-4FF3-4DAF-B1F5-0C2D3B6FF01F}"
EndProject
Project("{FAE04EC0-301F-11D3-BF4B-00C04F79EFBC}") = "006_HomeWork", "006_HomeWork\006_HomeWork.csproj", "{479BA4F3-4120-4BF4-B317-1950CDB0F827}"
EndProject
Project("{FAE04EC0-301F-11D3-BF4B-00C04F79EFBC}") = "007_Const", "007_Const\007_Const.csproj", "{288BC0B2-E89E-44FE-A407-472F01EE3AC8}"
EndProject
Project("{FAE04EC0-301F-11D3-BF4B-00C04F79EFBC}") = "008_If_Else", "008_If_Else\008_If_Else.csproj", "{5ED74A9B-66B2-4757-B6BA-DA7C85D3F885}"
EndProject
Project("{FAE04EC0-301F-11D3-BF4B-00C04F79EFBC}") = "008_If_Else_2", "008_If_Else_2\008_If_Else_2.csproj", "{776824F8-DF43-4FD2-B7E6-8015D6F6064F}"
EndProject
Project("{FAE04EC0-301F-11D3-BF4B-00C04F79EFBC}") = "009_СomplexityCode", "009_СomplexityCode\009_СomplexityCode.csproj", "{A93506F2-B465-41CF-ABC2-337261906A9C}"
EndProject
Project("{FAE04EC0-301F-11D3-BF4B-00C04F79EFBC}") = "010_multiply_If_Else", "010_multiply_If_Else\010_multiply_If_Else.csproj", "{A4BFD719-7F3D-408D-9FFE-337BB16709B4}"
EndProject
Project("{FAE04EC0-301F-11D3-BF4B-00C04F79EFBC}") = "011_multiple_If_Else_2", "011_multiple_If_Else_2\011_multiple_If_Else_2.csproj", "{7C7199F4-3972-404E-8C77-618703D3B0B1}"
EndProject
Project("{FAE04EC0-301F-11D3-BF4B-00C04F79EFBC}") = "012_switch_Case", "012_switch_Case\012_switch_Case.csproj", "{23B575A8-51AF-4969-BB6E-491B896729B8}"
EndProject
Project("{FAE04EC0-301F-11D3-BF4B-00C04F79EFBC}") = "013_ternaryOperator", "013_ternaryOperator\013_ternaryOperator.csproj", "{B2B350D9-EDAC-4465-882C-C21055BC02D0}"
EndProject
Project("{FAE04EC0-301F-11D3-BF4B-00C04F79EFBC}") = "014_whileDo", "014_whileDo\014_whileDo.csproj", "{9EE4229F-4EFE-4D85-A959-167D162526C9}"
EndProject
Project("{FAE04EC0-301F-11D3-BF4B-00C04F79EFBC}") = "015_Array", "015_Array\015_Array.csproj", "{A0EAC5A4-9096-4B15-AF7A-A1074E23FD9A}"
EndProject
Project("{FAE04EC0-301F-11D3-BF4B-00C04F79EFBC}") = "016_operationArray", "016_operationArray\016_operationArray.csproj", "{2858D405-4138-444D-9EEA-2E3EEE2BFEEF}"
EndProject
Project("{FAE04EC0-301F-11D3-BF4B-00C04F79EFBC}") = "017_for", "017_for\017_for.csproj", "{24F96C3F-132B-4096-8410-BFBC452D7515}"
EndProject
Project("{FAE04EC0-301F-11D3-BF4B-00C04F79EFBC}") = "018_array2D", "018_array2D\018_array2D.csproj", "{C724D706-83C0-4AEE-91A9-D821386589F3}"
EndProject
Project("{FAE04EC0-301F-11D3-BF4B-00C04F79EFBC}") = "019_array3D", "019_array3D\019_array3D.csproj", "{80B709F2-A24F-4EFD-A7EA-B873F20A5F98}"
EndProject
Project("{FAE04EC0-301F-11D3-BF4B-00C04F79EFBC}") = "020_jaggerArray", "020_jaggerArray\020_jaggerArray.csproj", "{D5A6F336-03E8-42CA-9978-B31E0618C464}"
EndProject
Project("{FAE04EC0-301F-11D3-BF4B-00C04F79EFBC}") = "021_Metod", "021_Metod\021_Metod.csproj", "{244DCDE1-88A7-4172-9859-922216EA06C8}"
EndProject
Project("{FAE04EC0-301F-11D3-BF4B-00C04F79EFBC}") = "022_methodParams", "022_methodParams\022_methodParams.csproj", "{2B61A2DE-5E29-4BD0-A8A5-EC819E46E876}"
EndProject
Project("{FAE04EC0-301F-11D3-BF4B-00C04F79EFBC}") = "024_Recurse", "024_Recurse\024_Recurse.csproj", "{8F4C2058-7DA8-457E-B04A-07FFB44A7640}"
EndProject
Project("{FAE04EC0-301F-11D3-BF4B-00C04F79EFBC}") = "025_GoTo", "025_GoTo\025_GoTo.csproj", "{DD29DB0F-11D3-4D55-BF75-C2320C759C86}"
EndProject
Global
	GlobalSection(SolutionConfigurationPlatforms) = preSolution
		Debug|Any CPU = Debug|Any CPU
		Release|Any CPU = Release|Any CPU
	EndGlobalSection
	GlobalSection(ProjectConfigurationPlatforms) = postSolution
		{DC87DD28-58C2-4BD0-8CEF-4BBAA37D9AD1}.Debug|Any CPU.ActiveCfg = Debug|Any CPU
		{DC87DD28-58C2-4BD0-8CEF-4BBAA37D9AD1}.Debug|Any CPU.Build.0 = Debug|Any CPU
		{DC87DD28-58C2-4BD0-8CEF-4BBAA37D9AD1}.Release|Any CPU.ActiveCfg = Release|Any CPU
		{DC87DD28-58C2-4BD0-8CEF-4BBAA37D9AD1}.Release|Any CPU.Build.0 = Release|Any CPU
		{44A43229-678C-4E3D-884A-A5C43D5BEC53}.Debug|Any CPU.ActiveCfg = Debug|Any CPU
		{44A43229-678C-4E3D-884A-A5C43D5BEC53}.Debug|Any CPU.Build.0 = Debug|Any CPU
		{44A43229-678C-4E3D-884A-A5C43D5BEC53}.Release|Any CPU.ActiveCfg = Release|Any CPU
		{44A43229-678C-4E3D-884A-A5C43D5BEC53}.Release|Any CPU.Build.0 = Release|Any CPU
		{6968E9FA-9982-40FE-AB7E-C8BD5D0883D8}.Debug|Any CPU.ActiveCfg = Debug|Any CPU
		{6968E9FA-9982-40FE-AB7E-C8BD5D0883D8}.Debug|Any CPU.Build.0 = Debug|Any CPU
		{6968E9FA-9982-40FE-AB7E-C8BD5D0883D8}.Release|Any CPU.ActiveCfg = Release|Any CPU
		{6968E9FA-9982-40FE-AB7E-C8BD5D0883D8}.Release|Any CPU.Build.0 = Release|Any CPU
		{44E2C186-527C-427B-9603-F5D235EBAD95}.Debug|Any CPU.ActiveCfg = Debug|Any CPU
		{44E2C186-527C-427B-9603-F5D235EBAD95}.Debug|Any CPU.Build.0 = Debug|Any CPU
		{44E2C186-527C-427B-9603-F5D235EBAD95}.Release|Any CPU.ActiveCfg = Release|Any CPU
		{44E2C186-527C-427B-9603-F5D235EBAD95}.Release|Any CPU.Build.0 = Release|Any CPU
		{ABAAE2FD-4FF3-4DAF-B1F5-0C2D3B6FF01F}.Debug|Any CPU.ActiveCfg = Debug|Any CPU
		{ABAAE2FD-4FF3-4DAF-B1F5-0C2D3B6FF01F}.Debug|Any CPU.Build.0 = Debug|Any CPU
		{ABAAE2FD-4FF3-4DAF-B1F5-0C2D3B6FF01F}.Release|Any CPU.ActiveCfg = Release|Any CPU
		{ABAAE2FD-4FF3-4DAF-B1F5-0C2D3B6FF01F}.Release|Any CPU.Build.0 = Release|Any CPU
		{479BA4F3-4120-4BF4-B317-1950CDB0F827}.Debug|Any CPU.ActiveCfg = Debug|Any CPU
		{479BA4F3-4120-4BF4-B317-1950CDB0F827}.Debug|Any CPU.Build.0 = Debug|Any CPU
		{479BA4F3-4120-4BF4-B317-1950CDB0F827}.Release|Any CPU.ActiveCfg = Release|Any CPU
		{479BA4F3-4120-4BF4-B317-1950CDB0F827}.Release|Any CPU.Build.0 = Release|Any CPU
		{288BC0B2-E89E-44FE-A407-472F01EE3AC8}.Debug|Any CPU.ActiveCfg = Debug|Any CPU
		{288BC0B2-E89E-44FE-A407-472F01EE3AC8}.Debug|Any CPU.Build.0 = Debug|Any CPU
		{288BC0B2-E89E-44FE-A407-472F01EE3AC8}.Release|Any CPU.ActiveCfg = Release|Any CPU
		{288BC0B2-E89E-44FE-A407-472F01EE3AC8}.Release|Any CPU.Build.0 = Release|Any CPU
		{5ED74A9B-66B2-4757-B6BA-DA7C85D3F885}.Debug|Any CPU.ActiveCfg = Debug|Any CPU
		{5ED74A9B-66B2-4757-B6BA-DA7C85D3F885}.Debug|Any CPU.Build.0 = Debug|Any CPU
		{5ED74A9B-66B2-4757-B6BA-DA7C85D3F885}.Release|Any CPU.ActiveCfg = Release|Any CPU
		{5ED74A9B-66B2-4757-B6BA-DA7C85D3F885}.Release|Any CPU.Build.0 = Release|Any CPU
		{776824F8-DF43-4FD2-B7E6-8015D6F6064F}.Debug|Any CPU.ActiveCfg = Debug|Any CPU
		{776824F8-DF43-4FD2-B7E6-8015D6F6064F}.Debug|Any CPU.Build.0 = Debug|Any CPU
		{776824F8-DF43-4FD2-B7E6-8015D6F6064F}.Release|Any CPU.ActiveCfg = Release|Any CPU
		{776824F8-DF43-4FD2-B7E6-8015D6F6064F}.Release|Any CPU.Build.0 = Release|Any CPU
		{A93506F2-B465-41CF-ABC2-337261906A9C}.Debug|Any CPU.ActiveCfg = Debug|Any CPU
		{A93506F2-B465-41CF-ABC2-337261906A9C}.Debug|Any CPU.Build.0 = Debug|Any CPU
		{A93506F2-B465-41CF-ABC2-337261906A9C}.Release|Any CPU.ActiveCfg = Release|Any CPU
		{A93506F2-B465-41CF-ABC2-337261906A9C}.Release|Any CPU.Build.0 = Release|Any CPU
		{A4BFD719-7F3D-408D-9FFE-337BB16709B4}.Debug|Any CPU.ActiveCfg = Debug|Any CPU
		{A4BFD719-7F3D-408D-9FFE-337BB16709B4}.Debug|Any CPU.Build.0 = Debug|Any CPU
		{A4BFD719-7F3D-408D-9FFE-337BB16709B4}.Release|Any CPU.ActiveCfg = Release|Any CPU
		{A4BFD719-7F3D-408D-9FFE-337BB16709B4}.Release|Any CPU.Build.0 = Release|Any CPU
		{7C7199F4-3972-404E-8C77-618703D3B0B1}.Debug|Any CPU.ActiveCfg = Debug|Any CPU
		{7C7199F4-3972-404E-8C77-618703D3B0B1}.Debug|Any CPU.Build.0 = Debug|Any CPU
		{7C7199F4-3972-404E-8C77-618703D3B0B1}.Release|Any CPU.ActiveCfg = Release|Any CPU
		{7C7199F4-3972-404E-8C77-618703D3B0B1}.Release|Any CPU.Build.0 = Release|Any CPU
		{23B575A8-51AF-4969-BB6E-491B896729B8}.Debug|Any CPU.ActiveCfg = Debug|Any CPU
		{23B575A8-51AF-4969-BB6E-491B896729B8}.Debug|Any CPU.Build.0 = Debug|Any CPU
		{23B575A8-51AF-4969-BB6E-491B896729B8}.Release|Any CPU.ActiveCfg = Release|Any CPU
		{23B575A8-51AF-4969-BB6E-491B896729B8}.Release|Any CPU.Build.0 = Release|Any CPU
		{B2B350D9-EDAC-4465-882C-C21055BC02D0}.Debug|Any CPU.ActiveCfg = Debug|Any CPU
		{B2B350D9-EDAC-4465-882C-C21055BC02D0}.Debug|Any CPU.Build.0 = Debug|Any CPU
		{B2B350D9-EDAC-4465-882C-C21055BC02D0}.Release|Any CPU.ActiveCfg = Release|Any CPU
		{B2B350D9-EDAC-4465-882C-C21055BC02D0}.Release|Any CPU.Build.0 = Release|Any CPU
		{9EE4229F-4EFE-4D85-A959-167D162526C9}.Debug|Any CPU.ActiveCfg = Debug|Any CPU
		{9EE4229F-4EFE-4D85-A959-167D162526C9}.Debug|Any CPU.Build.0 = Debug|Any CPU
		{9EE4229F-4EFE-4D85-A959-167D162526C9}.Release|Any CPU.ActiveCfg = Release|Any CPU
		{9EE4229F-4EFE-4D85-A959-167D162526C9}.Release|Any CPU.Build.0 = Release|Any CPU
		{A0EAC5A4-9096-4B15-AF7A-A1074E23FD9A}.Debug|Any CPU.ActiveCfg = Debug|Any CPU
		{A0EAC5A4-9096-4B15-AF7A-A1074E23FD9A}.Debug|Any CPU.Build.0 = Debug|Any CPU
		{A0EAC5A4-9096-4B15-AF7A-A1074E23FD9A}.Release|Any CPU.ActiveCfg = Release|Any CPU
		{A0EAC5A4-9096-4B15-AF7A-A1074E23FD9A}.Release|Any CPU.Build.0 = Release|Any CPU
		{2858D405-4138-444D-9EEA-2E3EEE2BFEEF}.Debug|Any CPU.ActiveCfg = Debug|Any CPU
		{2858D405-4138-444D-9EEA-2E3EEE2BFEEF}.Debug|Any CPU.Build.0 = Debug|Any CPU
		{2858D405-4138-444D-9EEA-2E3EEE2BFEEF}.Release|Any CPU.ActiveCfg = Release|Any CPU
		{2858D405-4138-444D-9EEA-2E3EEE2BFEEF}.Release|Any CPU.Build.0 = Release|Any CPU
		{24F96C3F-132B-4096-8410-BFBC452D7515}.Debug|Any CPU.ActiveCfg = Debug|Any CPU
		{24F96C3F-132B-4096-8410-BFBC452D7515}.Debug|Any CPU.Build.0 = Debug|Any CPU
		{24F96C3F-132B-4096-8410-BFBC452D7515}.Release|Any CPU.ActiveCfg = Release|Any CPU
		{24F96C3F-132B-4096-8410-BFBC452D7515}.Release|Any CPU.Build.0 = Release|Any CPU
		{C724D706-83C0-4AEE-91A9-D821386589F3}.Debug|Any CPU.ActiveCfg = Debug|Any CPU
		{C724D706-83C0-4AEE-91A9-D821386589F3}.Debug|Any CPU.Build.0 = Debug|Any CPU
		{C724D706-83C0-4AEE-91A9-D821386589F3}.Release|Any CPU.ActiveCfg = Release|Any CPU
		{C724D706-83C0-4AEE-91A9-D821386589F3}.Release|Any CPU.Build.0 = Release|Any CPU
		{80B709F2-A24F-4EFD-A7EA-B873F20A5F98}.Debug|Any CPU.ActiveCfg = Debug|Any CPU
		{80B709F2-A24F-4EFD-A7EA-B873F20A5F98}.Debug|Any CPU.Build.0 = Debug|Any CPU
		{80B709F2-A24F-4EFD-A7EA-B873F20A5F98}.Release|Any CPU.ActiveCfg = Release|Any CPU
		{80B709F2-A24F-4EFD-A7EA-B873F20A5F98}.Release|Any CPU.Build.0 = Release|Any CPU
		{D5A6F336-03E8-42CA-9978-B31E0618C464}.Debug|Any CPU.ActiveCfg = Debug|Any CPU
		{D5A6F336-03E8-42CA-9978-B31E0618C464}.Debug|Any CPU.Build.0 = Debug|Any CPU
		{D5A6F336-03E8-42CA-9978-B31E0618C464}.Release|Any CPU.ActiveCfg = Release|Any CPU
		{D5A6F336-03E8-42CA-9978-B31E0618C464}.Release|Any CPU.Build.0 = Release|Any CPU
		{244DCDE1-88A7-4172-9859-922216EA06C8}.Debug|Any CPU.ActiveCfg = Debug|Any CPU
		{244DCDE1-88A7-4172-9859-922216EA06C8}.Debug|Any CPU.Build.0 = Debug|Any CPU
		{244DCDE1-88A7-4172-9859-922216EA06C8}.Release|Any CPU.ActiveCfg = Release|Any CPU
		{244DCDE1-88A7-4172-9859-922216EA06C8}.Release|Any CPU.Build.0 = Release|Any CPU
		{2B61A2DE-5E29-4BD0-A8A5-EC819E46E876}.Debug|Any CPU.ActiveCfg = Debug|Any CPU
		{2B61A2DE-5E29-4BD0-A8A5-EC819E46E876}.Debug|Any CPU.Build.0 = Debug|Any CPU
		{2B61A2DE-5E29-4BD0-A8A5-EC819E46E876}.Release|Any CPU.ActiveCfg = Release|Any CPU
		{2B61A2DE-5E29-4BD0-A8A5-EC819E46E876}.Release|Any CPU.Build.0 = Release|Any CPU
		{8F4C2058-7DA8-457E-B04A-07FFB44A7640}.Debug|Any CPU.ActiveCfg = Debug|Any CPU
		{8F4C2058-7DA8-457E-B04A-07FFB44A7640}.Debug|Any CPU.Build.0 = Debug|Any CPU
		{8F4C2058-7DA8-457E-B04A-07FFB44A7640}.Release|Any CPU.ActiveCfg = Release|Any CPU
		{8F4C2058-7DA8-457E-B04A-07FFB44A7640}.Release|Any CPU.Build.0 = Release|Any CPU
		{DD29DB0F-11D3-4D55-BF75-C2320C759C86}.Debug|Any CPU.ActiveCfg = Debug|Any CPU
		{DD29DB0F-11D3-4D55-BF75-C2320C759C86}.Debug|Any CPU.Build.0 = Debug|Any CPU
		{DD29DB0F-11D3-4D55-BF75-C2320C759C86}.Release|Any CPU.ActiveCfg = Release|Any CPU
		{DD29DB0F-11D3-4D55-BF75-C2320C759C86}.Release|Any CPU.Build.0 = Release|Any CPU
	EndGlobalSection
	GlobalSection(SolutionProperties) = preSolution
		HideSolutionNode = FALSE
	EndGlobalSection
	GlobalSection(ExtensibilityGlobals) = postSolution
		SolutionGuid = {33F2E575-30C8-43B1-BA0D-AF87640B3612}
	EndGlobalSection
EndGlobal
